<?xml version="1.0" encoding="utf-8"?>
<Project ToolsVersion="15.0" xmlns="http://schemas.microsoft.com/developer/msbuild/2003">
  <ItemGroup>
    <CustomBuild Include="D:\MyDartProjects\fsbackup\packages\fsbackup_server\fsbackup_native\CMakeFiles\74421464201fd18e729f2e886af7ca27\generate.stamp.rule">
      <Filter>CMake Rules</Filter>
    </CustomBuild>
  </ItemGroup>
  <ItemGroup>
    <Filter Include="CMake Rules">
      <UniqueIdentifier>{77AC2313-9858-3AAF-B01E-CC50C96739EB}</UniqueIdentifier>
    </Filter>
  </ItemGroup>
</Project>
